
Microsoft Visual Studio Solution File, Format Version 12.00
# Visual Studio Version 16
VisualStudioVersion = 16.0.30907.101
MinimumVisualStudioVersion = 10.0.40219.1
Project("{FAE04EC0-301F-11D3-BF4B-00C04F79EFBC}") = "Pro Installer", "GradientPanelDemo\Pro Installer.csproj", "{06521C6A-C74A-451A-A380-BEA423DD307B}"
EndProject
Global
	GlobalSection(SolutionConfigurationPlatforms) = preSolution
		Debug|Any CPU = Debug|Any CPU
		Release|Any CPU = Release|Any CPU
	EndGlobalSection
	GlobalSection(ProjectConfigurationPlatforms) = postSolution
		{06521C6A-C74A-451A-A380-BEA423DD307B}.Debug|Any CPU.ActiveCfg = Debug|Any CPU
		{06521C6A-C74A-451A-A380-BEA423DD307B}.Debug|Any CPU.Build.0 = Debug|Any CPU
		{06521C6A-C74A-451A-A380-BEA423DD307B}.Release|Any CPU.ActiveCfg = Release|Any CPU
		{06521C6A-C74A-451A-A380-BEA423DD307B}.Release|Any CPU.Build.0 = Release|Any CPU
	EndGlobalSection
	GlobalSection(SolutionProperties) = preSolution
		HideSolutionNode = FALSE
	EndGlobalSection
	GlobalSection(ExtensibilityGlobals) = postSolution
		SolutionGuid = {25BC0867-4AD9-4964-9F99-96A5D0499952}
	EndGlobalSection
EndGlobal
